
Microsoft Visual Studio Solution File, Format Version 12.00
# Visual Studio Version 17
VisualStudioVersion = 17.11.35327.3
MinimumVisualStudioVersion = 10.0.40219.1
Project("{FAE04EC0-301F-11D3-BF4B-00C04F79EFBC}") = "Module10.Interface.Task10.ConsoleCalculator", "Module10.Interface.Task10.ConsoleCalculator\Module10.Interface.Task10.ConsoleCalculator.csproj", "{81E95B8B-137C-4355-BBF8-E0615F0DFA39}"
EndProject
Global
	GlobalSection(SolutionConfigurationPlatforms) = preSolution
		Debug|Any CPU = Debug|Any CPU
		Release|Any CPU = Release|Any CPU
	EndGlobalSection
	GlobalSection(ProjectConfigurationPlatforms) = postSolution
		{81E95B8B-137C-4355-BBF8-E0615F0DFA39}.Debug|Any CPU.ActiveCfg = Debug|Any CPU
		{81E95B8B-137C-4355-BBF8-E0615F0DFA39}.Debug|Any CPU.Build.0 = Debug|Any CPU
		{81E95B8B-137C-4355-BBF8-E0615F0DFA39}.Release|Any CPU.ActiveCfg = Release|Any CPU
		{81E95B8B-137C-4355-BBF8-E0615F0DFA39}.Release|Any CPU.Build.0 = Release|Any CPU
	EndGlobalSection
	GlobalSection(SolutionProperties) = preSolution
		HideSolutionNode = FALSE
	EndGlobalSection
	GlobalSection(ExtensibilityGlobals) = postSolution
		SolutionGuid = {59EC16CF-7A63-42DF-B3C8-FD711FC376F9}
	EndGlobalSection
EndGlobal
